// !$*UTF8*$!
{
	archiveVersion = 1;
	classes = {
	};
	objectVersion = 46;
	objects = {

/* Begin PBXBuildFile section */
		4206AF441D7D5F75002F6397 /* JOSchemeManage.m in Sources */ = {isa = PBXBuildFile; fileRef = 4206AF431D7D5F75002F6397 /* JOSchemeManage.m */; };
		4206AF471D7D61EF002F6397 /* JOSchemeItem.m in Sources */ = {isa = PBXBuildFile; fileRef = 4206AF461D7D61EF002F6397 /* JOSchemeItem.m */; };
		4206AF481D7D8999002F6397 /* JOSchemeManage.h in CopyFiles */ = {isa = PBXBuildFile; fileRef = 4206AF421D7D5F75002F6397 /* JOSchemeManage.h */; };
		4206AF491D7D8999002F6397 /* JOSchemeItem.h in CopyFiles */ = {isa = PBXBuildFile; fileRef = 4206AF451D7D61EF002F6397 /* JOSchemeItem.h */; };
		420C08D61D5C8DC100CC9E32 /* UIView+JOAutolayout.m in Sources */ = {isa = PBXBuildFile; fileRef = 420C08D51D5C8DC100CC9E32 /* UIView+JOAutolayout.m */; };
		420C08D71D5C8E6700CC9E32 /* UIView+JOAutolayout.h in CopyFiles */ = {isa = PBXBuildFile; fileRef = 420C08D41D5C8DC100CC9E32 /* UIView+JOAutolayout.h */; };
		421931C21D585EB40010392B /* JOViewModel.m in Sources */ = {isa = PBXBuildFile; fileRef = 421931C11D585EB40010392B /* JOViewModel.m */; };
		421931D41D5864C20010392B /* JOCommand.m in Sources */ = {isa = PBXBuildFile; fileRef = 421931D31D5864C20010392B /* JOCommand.m */; };
		421931D51D58664D0010392B /* JOViewModel.h in CopyFiles */ = {isa = PBXBuildFile; fileRef = 421931C01D585EB40010392B /* JOViewModel.h */; };
		421931D61D58664D0010392B /* JOSignalProtocol.h in CopyFiles */ = {isa = PBXBuildFile; fileRef = 421931C31D585F110010392B /* JOSignalProtocol.h */; };
		421931D71D58664D0010392B /* JOCommand.h in CopyFiles */ = {isa = PBXBuildFile; fileRef = 421931D21D5864C20010392B /* JOCommand.h */; };
		421931DF1D586D260010392B /* JOModel.m in Sources */ = {isa = PBXBuildFile; fileRef = 421931DE1D586D260010392B /* JOModel.m */; };
		421931E41D586FA90010392B /* JONetRequestConfig.m in Sources */ = {isa = PBXBuildFile; fileRef = 421931E31D586FA90010392B /* JONetRequestConfig.m */; };
		421931E71D5872700010392B /* JODataRequestConfig.m in Sources */ = {isa = PBXBuildFile; fileRef = 421931E61D5872700010392B /* JODataRequestConfig.m */; };
		421931EA1D5872880010392B /* JOFileUploadConfig.m in Sources */ = {isa = PBXBuildFile; fileRef = 421931E91D5872880010392B /* JOFileUploadConfig.m */; };
		421931ED1D5872AA0010392B /* JOFileDownloadConfig.m in Sources */ = {isa = PBXBuildFile; fileRef = 421931EC1D5872AA0010392B /* JOFileDownloadConfig.m */; };
		421BCB901D509F3700041007 /* NSString+JOExtend.m in Sources */ = {isa = PBXBuildFile; fileRef = 421BCB8F1D509F3700041007 /* NSString+JOExtend.m */; };
		421BCB971D50A80700041007 /* JOLayout.m in Sources */ = {isa = PBXBuildFile; fileRef = 421BCB941D50A80700041007 /* JOLayout.m */; };
		421BCB981D50A80700041007 /* JOLayoutItem.m in Sources */ = {isa = PBXBuildFile; fileRef = 421BCB961D50A80700041007 /* JOLayoutItem.m */; };
		421BCB9B1D50A86600041007 /* UIView+JOExtend.m in Sources */ = {isa = PBXBuildFile; fileRef = 421BCB9A1D50A86600041007 /* UIView+JOExtend.m */; };
		421BCB9E1D50A95800041007 /* UIImage+JOExtend.m in Sources */ = {isa = PBXBuildFile; fileRef = 421BCB9D1D50A95800041007 /* UIImage+JOExtend.m */; };
		421BCBA11D50AB4E00041007 /* UIFont+JOExtend.m in Sources */ = {isa = PBXBuildFile; fileRef = 421BCBA01D50AB4E00041007 /* UIFont+JOExtend.m */; };
		421BCBA41D50B38400041007 /* UILabel+JOExtend.m in Sources */ = {isa = PBXBuildFile; fileRef = 421BCBA31D50B38400041007 /* UILabel+JOExtend.m */; };
		421BCBA71D519BEE00041007 /* UIColor+JOExtend.m in Sources */ = {isa = PBXBuildFile; fileRef = 421BCBA61D519BEE00041007 /* UIColor+JOExtend.m */; };
		422EFAD81D51C7CD00E427F6 /* JOLayout.h in CopyFiles */ = {isa = PBXBuildFile; fileRef = 421BCB931D50A80700041007 /* JOLayout.h */; };
		422EFAD91D51C7CD00E427F6 /* JOLayoutItem.h in CopyFiles */ = {isa = PBXBuildFile; fileRef = 421BCB951D50A80700041007 /* JOLayoutItem.h */; };
		422EFADA1D51C7CD00E427F6 /* UILabel+JOExtend.h in CopyFiles */ = {isa = PBXBuildFile; fileRef = 421BCBA21D50B38400041007 /* UILabel+JOExtend.h */; };
		422EFADB1D51C7CD00E427F6 /* UIFont+JOExtend.h in CopyFiles */ = {isa = PBXBuildFile; fileRef = 421BCB9F1D50AB4E00041007 /* UIFont+JOExtend.h */; };
		422EFADC1D51C7CD00E427F6 /* UIImage+JOExtend.h in CopyFiles */ = {isa = PBXBuildFile; fileRef = 421BCB9C1D50A95800041007 /* UIImage+JOExtend.h */; };
		422EFADD1D51C7CE00E427F6 /* UIView+JOExtend.h in CopyFiles */ = {isa = PBXBuildFile; fileRef = 421BCB991D50A86600041007 /* UIView+JOExtend.h */; };
		422EFADE1D51C7CE00E427F6 /* NSString+JOExtend.h in CopyFiles */ = {isa = PBXBuildFile; fileRef = 421BCB8E1D509F3700041007 /* NSString+JOExtend.h */; };
		422EFADF1D51C7CE00E427F6 /* UIColor+JOExtend.h in CopyFiles */ = {isa = PBXBuildFile; fileRef = 421BCBA51D519BEE00041007 /* UIColor+JOExtend.h */; };
		422EFAE01D51C7CE00E427F6 /* CGGeometry+JOExtend.h in CopyFiles */ = {isa = PBXBuildFile; fileRef = 422EFAD71D51C10200E427F6 /* CGGeometry+JOExtend.h */; };
		422EFAE41D51CEBD00E427F6 /* NSObject+JOExtend.m in Sources */ = {isa = PBXBuildFile; fileRef = 422EFAE31D51CEBD00E427F6 /* NSObject+JOExtend.m */; };
		422EFAE51D51D10800E427F6 /* NSObject+JOExtend.h in CopyFiles */ = {isa = PBXBuildFile; fileRef = 422EFAE21D51CEBD00E427F6 /* NSObject+JOExtend.h */; };
		422EFAF51D51FB6E00E427F6 /* JOPathHelper.m in Sources */ = {isa = PBXBuildFile; fileRef = 422EFAF41D51FB6E00E427F6 /* JOPathHelper.m */; };
		422EFAF91D51FBC500E427F6 /* JOCacheHelper.m in Sources */ = {isa = PBXBuildFile; fileRef = 422EFAF81D51FBC500E427F6 /* JOCacheHelper.m */; };
		422EFAFD1D51FBEC00E427F6 /* JOFileHelper.m in Sources */ = {isa = PBXBuildFile; fileRef = 422EFAFC1D51FBEC00E427F6 /* JOFileHelper.m */; };
		422EFB011D51FCEE00E427F6 /* JOLogHelper.m in Sources */ = {isa = PBXBuildFile; fileRef = 422EFB001D51FCEE00E427F6 /* JOLogHelper.m */; };
		422EFB051D52026A00E427F6 /* JOExceptionHelper.m in Sources */ = {isa = PBXBuildFile; fileRef = 422EFB041D52026A00E427F6 /* JOExceptionHelper.m */; };
		422EFB091D52029A00E427F6 /* JOCrashHelper.m in Sources */ = {isa = PBXBuildFile; fileRef = 422EFB081D52029A00E427F6 /* JOCrashHelper.m */; };
		422EFB0A1D52E72A00E427F6 /* JOPathHelper.h in CopyFiles */ = {isa = PBXBuildFile; fileRef = 422EFAF31D51FB6E00E427F6 /* JOPathHelper.h */; };
		422EFB0D1D53469600E427F6 /* JOMacro.h in CopyFiles */ = {isa = PBXBuildFile; fileRef = 422EFB0C1D53268F00E427F6 /* JOMacro.h */; };
		422EFB0E1D53469600E427F6 /* JOCrashHelper.h in CopyFiles */ = {isa = PBXBuildFile; fileRef = 422EFB071D52029A00E427F6 /* JOCrashHelper.h */; };
		422EFB0F1D53469600E427F6 /* JOExceptionHelper.h in CopyFiles */ = {isa = PBXBuildFile; fileRef = 422EFB031D52026A00E427F6 /* JOExceptionHelper.h */; };
		422EFB101D53469600E427F6 /* JOLogHelper.h in CopyFiles */ = {isa = PBXBuildFile; fileRef = 422EFAFF1D51FCEE00E427F6 /* JOLogHelper.h */; };
		422EFB111D53469600E427F6 /* JOFileHelper.h in CopyFiles */ = {isa = PBXBuildFile; fileRef = 422EFAFB1D51FBEC00E427F6 /* JOFileHelper.h */; };
		422EFB121D53469600E427F6 /* JOCacheHelper.h in CopyFiles */ = {isa = PBXBuildFile; fileRef = 422EFAF71D51FBC500E427F6 /* JOCacheHelper.h */; };
		423569D21D7EB38A00D39487 /* JOBannerView.m in Sources */ = {isa = PBXBuildFile; fileRef = 423569D01D7EB38A00D39487 /* JOBannerView.m */; };
		423DCF041D547BE9008263E7 /* JSONModel.m in Sources */ = {isa = PBXBuildFile; fileRef = 423DCEF01D547BE9008263E7 /* JSONModel.m */; };
		423DCF051D547BE9008263E7 /* JSONModelClassProperty.m in Sources */ = {isa = PBXBuildFile; fileRef = 423DCEF21D547BE9008263E7 /* JSONModelClassProperty.m */; };
		423DCF061D547BE9008263E7 /* JSONModelError.m in Sources */ = {isa = PBXBuildFile; fileRef = 423DCEF41D547BE9008263E7 /* JSONModelError.m */; };
		423DCF071D547BE9008263E7 /* JSONAPI.m in Sources */ = {isa = PBXBuildFile; fileRef = 423DCEF81D547BE9008263E7 /* JSONAPI.m */; };
		423DCF081D547BE9008263E7 /* JSONHTTPClient.m in Sources */ = {isa = PBXBuildFile; fileRef = 423DCEFA1D547BE9008263E7 /* JSONHTTPClient.m */; };
		423DCF091D547BE9008263E7 /* JSONModel+networking.m in Sources */ = {isa = PBXBuildFile; fileRef = 423DCEFC1D547BE9008263E7 /* JSONModel+networking.m */; };
		423DCF0A1D547BE9008263E7 /* JSONKeyMapper.m in Sources */ = {isa = PBXBuildFile; fileRef = 423DCEFF1D547BE9008263E7 /* JSONKeyMapper.m */; };
		423DCF0B1D547BE9008263E7 /* JSONValueTransformer.m in Sources */ = {isa = PBXBuildFile; fileRef = 423DCF011D547BE9008263E7 /* JSONValueTransformer.m */; };
		423DCF331D547BFB008263E7 /* AFHTTPSessionManager.m in Sources */ = {isa = PBXBuildFile; fileRef = 423DCF101D547BFB008263E7 /* AFHTTPSessionManager.m */; };
		423DCF341D547BFB008263E7 /* AFNetworkReachabilityManager.m in Sources */ = {isa = PBXBuildFile; fileRef = 423DCF131D547BFB008263E7 /* AFNetworkReachabilityManager.m */; };
		423DCF351D547BFB008263E7 /* AFSecurityPolicy.m in Sources */ = {isa = PBXBuildFile; fileRef = 423DCF151D547BFB008263E7 /* AFSecurityPolicy.m */; };
		423DCF361D547BFB008263E7 /* AFURLRequestSerialization.m in Sources */ = {isa = PBXBuildFile; fileRef = 423DCF171D547BFB008263E7 /* AFURLRequestSerialization.m */; };
		423DCF371D547BFB008263E7 /* AFURLResponseSerialization.m in Sources */ = {isa = PBXBuildFile; fileRef = 423DCF191D547BFB008263E7 /* AFURLResponseSerialization.m */; };
		423DCF381D547BFB008263E7 /* AFURLSessionManager.m in Sources */ = {isa = PBXBuildFile; fileRef = 423DCF1B1D547BFB008263E7 /* AFURLSessionManager.m */; };
		423DCF3A1D547BFB008263E7 /* AFAutoPurgingImageCache.m in Sources */ = {isa = PBXBuildFile; fileRef = 423DCF201D547BFB008263E7 /* AFAutoPurgingImageCache.m */; };
		423DCF3B1D547BFB008263E7 /* AFImageDownloader.m in Sources */ = {isa = PBXBuildFile; fileRef = 423DCF221D547BFB008263E7 /* AFImageDownloader.m */; };
		423DCF3C1D547BFB008263E7 /* AFNetworkActivityIndicatorManager.m in Sources */ = {isa = PBXBuildFile; fileRef = 423DCF241D547BFB008263E7 /* AFNetworkActivityIndicatorManager.m */; };
		423DCF3D1D547BFB008263E7 /* UIActivityIndicatorView+AFNetworking.m in Sources */ = {isa = PBXBuildFile; fileRef = 423DCF261D547BFB008263E7 /* UIActivityIndicatorView+AFNetworking.m */; };
		423DCF3E1D547BFB008263E7 /* UIButton+AFNetworking.m in Sources */ = {isa = PBXBuildFile; fileRef = 423DCF281D547BFB008263E7 /* UIButton+AFNetworking.m */; };
		423DCF3F1D547BFB008263E7 /* UIImageView+AFNetworking.m in Sources */ = {isa = PBXBuildFile; fileRef = 423DCF2B1D547BFB008263E7 /* UIImageView+AFNetworking.m */; };
		423DCF401D547BFB008263E7 /* UIProgressView+AFNetworking.m in Sources */ = {isa = PBXBuildFile; fileRef = 423DCF2E1D547BFB008263E7 /* UIProgressView+AFNetworking.m */; };
		423DCF411D547BFB008263E7 /* UIRefreshControl+AFNetworking.m in Sources */ = {isa = PBXBuildFile; fileRef = 423DCF301D547BFB008263E7 /* UIRefreshControl+AFNetworking.m */; };
		423DCF421D547BFB008263E7 /* UIWebView+AFNetworking.m in Sources */ = {isa = PBXBuildFile; fileRef = 423DCF321D547BFB008263E7 /* UIWebView+AFNetworking.m */; };
		42672A511D50820700051FE1 /* JOKit.h in CopyFiles */ = {isa = PBXBuildFile; fileRef = 42672A501D50820700051FE1 /* JOKit.h */; };
		42B7F4561D597A59000AC728 /* JOSignal.m in Sources */ = {isa = PBXBuildFile; fileRef = 42B7F4551D597A59000AC728 /* JOSignal.m */; };
		42B7F4571D5987B2000AC728 /* JOSignal.h in CopyFiles */ = {isa = PBXBuildFile; fileRef = 42B7F4541D597A59000AC728 /* JOSignal.h */; };
		42B7F45A1D59DE29000AC728 /* JONetManage.m in Sources */ = {isa = PBXBuildFile; fileRef = 42B7F4591D59DE29000AC728 /* JONetManage.m */; };
		42CA01231D5E24550085D075 /* JSONModel.h in CopyFiles */ = {isa = PBXBuildFile; fileRef = 423DCEEF1D547BE9008263E7 /* JSONModel.h */; };
		42CA01241D5E24550085D075 /* JSONModelError.h in CopyFiles */ = {isa = PBXBuildFile; fileRef = 423DCEF31D547BE9008263E7 /* JSONModelError.h */; };
		42CA01251D5E24550085D075 /* JSONKeyMapper.h in CopyFiles */ = {isa = PBXBuildFile; fileRef = 423DCEFE1D547BE9008263E7 /* JSONKeyMapper.h */; };
		42CA01261D5E24550085D075 /* JSONValueTransformer.h in CopyFiles */ = {isa = PBXBuildFile; fileRef = 423DCF001D547BE9008263E7 /* JSONValueTransformer.h */; };
		42DE04D91D8FF36400393991 /* NSDate+JOExtend.m in Sources */ = {isa = PBXBuildFile; fileRef = 42DE04D81D8FF36400393991 /* NSDate+JOExtend.m */; };
		42E802981D90E35600EE89B6 /* NSDate+JOExtend.h in CopyFiles */ = {isa = PBXBuildFile; fileRef = 42DE04D71D8FF36400393991 /* NSDate+JOExtend.h */; };
		42E8029A1D914AA200EE89B6 /* JODateMacro.h in CopyFiles */ = {isa = PBXBuildFile; fileRef = 42E802991D914A8300EE89B6 /* JODateMacro.h */; };
		42F762A31D5C63DB00C81515 /* JONetRequestConfig.h in CopyFiles */ = {isa = PBXBuildFile; fileRef = 421931E21D586FA90010392B /* JONetRequestConfig.h */; };
		42F762A41D5C63DB00C81515 /* JODataRequestConfig.h in CopyFiles */ = {isa = PBXBuildFile; fileRef = 421931E51D5872700010392B /* JODataRequestConfig.h */; };
		42F762A51D5C63DB00C81515 /* JOFileUploadConfig.h in CopyFiles */ = {isa = PBXBuildFile; fileRef = 421931E81D5872880010392B /* JOFileUploadConfig.h */; };
		42F762A61D5C63DB00C81515 /* JOFileDownloadConfig.h in CopyFiles */ = {isa = PBXBuildFile; fileRef = 421931EB1D5872AA0010392B /* JOFileDownloadConfig.h */; };
		42F762A71D5C63DB00C81515 /* JONetManage.h in CopyFiles */ = {isa = PBXBuildFile; fileRef = 42B7F4581D59DE29000AC728 /* JONetManage.h */; };
		42F762A81D5C63DB00C81515 /* JOModel.h in CopyFiles */ = {isa = PBXBuildFile; fileRef = 421931DD1D586D260010392B /* JOModel.h */; };
/* End PBXBuildFile section */

/* Begin PBXCopyFilesBuildPhase section */
		42672A4B1D50820700051FE1 /* CopyFiles */ = {
			isa = PBXCopyFilesBuildPhase;
			buildActionMask = 2147483647;
			dstPath = "include/$(PRODUCT_NAME)";
			dstSubfolderSpec = 16;
			files = (
				42E8029A1D914AA200EE89B6 /* JODateMacro.h in CopyFiles */,
				42E802981D90E35600EE89B6 /* NSDate+JOExtend.h in CopyFiles */,
				4206AF481D7D8999002F6397 /* JOSchemeManage.h in CopyFiles */,
				4206AF491D7D8999002F6397 /* JOSchemeItem.h in CopyFiles */,
				42CA01231D5E24550085D075 /* JSONModel.h in CopyFiles */,
				42CA01241D5E24550085D075 /* JSONModelError.h in CopyFiles */,
				42CA01251D5E24550085D075 /* JSONKeyMapper.h in CopyFiles */,
				42CA01261D5E24550085D075 /* JSONValueTransformer.h in CopyFiles */,
				420C08D71D5C8E6700CC9E32 /* UIView+JOAutolayout.h in CopyFiles */,
				42F762A31D5C63DB00C81515 /* JONetRequestConfig.h in CopyFiles */,
				42F762A41D5C63DB00C81515 /* JODataRequestConfig.h in CopyFiles */,
				42F762A51D5C63DB00C81515 /* JOFileUploadConfig.h in CopyFiles */,
				42F762A61D5C63DB00C81515 /* JOFileDownloadConfig.h in CopyFiles */,
				42F762A71D5C63DB00C81515 /* JONetManage.h in CopyFiles */,
				42F762A81D5C63DB00C81515 /* JOModel.h in CopyFiles */,
				42B7F4571D5987B2000AC728 /* JOSignal.h in CopyFiles */,
				421931D51D58664D0010392B /* JOViewModel.h in CopyFiles */,
				421931D61D58664D0010392B /* JOSignalProtocol.h in CopyFiles */,
				421931D71D58664D0010392B /* JOCommand.h in CopyFiles */,
				422EFB0D1D53469600E427F6 /* JOMacro.h in CopyFiles */,
				422EFB0E1D53469600E427F6 /* JOCrashHelper.h in CopyFiles */,
				422EFB0F1D53469600E427F6 /* JOExceptionHelper.h in CopyFiles */,
				422EFB101D53469600E427F6 /* JOLogHelper.h in CopyFiles */,
				422EFB111D53469600E427F6 /* JOFileHelper.h in CopyFiles */,
				422EFB121D53469600E427F6 /* JOCacheHelper.h in CopyFiles */,
				422EFB0A1D52E72A00E427F6 /* JOPathHelper.h in CopyFiles */,
				422EFAE51D51D10800E427F6 /* NSObject+JOExtend.h in CopyFiles */,
				422EFAD81D51C7CD00E427F6 /* JOLayout.h in CopyFiles */,
				422EFAD91D51C7CD00E427F6 /* JOLayoutItem.h in CopyFiles */,
				422EFADA1D51C7CD00E427F6 /* UILabel+JOExtend.h in CopyFiles */,
				422EFADB1D51C7CD00E427F6 /* UIFont+JOExtend.h in CopyFiles */,
				422EFADC1D51C7CD00E427F6 /* UIImage+JOExtend.h in CopyFiles */,
				422EFADD1D51C7CE00E427F6 /* UIView+JOExtend.h in CopyFiles */,
				422EFADE1D51C7CE00E427F6 /* NSString+JOExtend.h in CopyFiles */,
				422EFADF1D51C7CE00E427F6 /* UIColor+JOExtend.h in CopyFiles */,
				422EFAE01D51C7CE00E427F6 /* CGGeometry+JOExtend.h in CopyFiles */,
				42672A511D50820700051FE1 /* JOKit.h in CopyFiles */,
			);
			runOnlyForDeploymentPostprocessing = 0;
		};
/* End PBXCopyFilesBuildPhase section */

/* Begin PBXFileReference section */
		4206AF421D7D5F75002F6397 /* JOSchemeManage.h */ = {isa = PBXFileReference; fileEncoding = 4; lastKnownFileType = sourcecode.c.h; path = JOSchemeManage.h; sourceTree = "<group>"; };
		4206AF431D7D5F75002F6397 /* JOSchemeManage.m */ = {isa = PBXFileReference; fileEncoding = 4; lastKnownFileType = sourcecode.c.objc; path = JOSchemeManage.m; sourceTree = "<group>"; };
		4206AF451D7D61EF002F6397 /* JOSchemeItem.h */ = {isa = PBXFileReference; fileEncoding = 4; lastKnownFileType = sourcecode.c.h; path = JOSchemeItem.h; sourceTree = "<group>"; };
		4206AF461D7D61EF002F6397 /* JOSchemeItem.m */ = {isa = PBXFileReference; fileEncoding = 4; lastKnownFileType = sourcecode.c.objc; path = JOSchemeItem.m; sourceTree = "<group>"; };
		420C08D41D5C8DC100CC9E32 /* UIView+JOAutolayout.h */ = {isa = PBXFileReference; fileEncoding = 4; lastKnownFileType = sourcecode.c.h; path = "UIView+JOAutolayout.h"; sourceTree = "<group>"; };
		420C08D51D5C8DC100CC9E32 /* UIView+JOAutolayout.m */ = {isa = PBXFileReference; fileEncoding = 4; lastKnownFileType = sourcecode.c.objc; path = "UIView+JOAutolayout.m"; sourceTree = "<group>"; };
		421931C01D585EB40010392B /* JOViewModel.h */ = {isa = PBXFileReference; fileEncoding = 4; lastKnownFileType = sourcecode.c.h; path = JOViewModel.h; sourceTree = "<group>"; };
		421931C11D585EB40010392B /* JOViewModel.m */ = {isa = PBXFileReference; fileEncoding = 4; lastKnownFileType = sourcecode.c.objc; path = JOViewModel.m; sourceTree = "<group>"; };
		421931C31D585F110010392B /* JOSignalProtocol.h */ = {isa = PBXFileReference; fileEncoding = 4; lastKnownFileType = sourcecode.c.h; path = JOSignalProtocol.h; sourceTree = "<group>"; };
		421931D21D5864C20010392B /* JOCommand.h */ = {isa = PBXFileReference; fileEncoding = 4; lastKnownFileType = sourcecode.c.h; path = JOCommand.h; sourceTree = "<group>"; };
		421931D31D5864C20010392B /* JOCommand.m */ = {isa = PBXFileReference; fileEncoding = 4; lastKnownFileType = sourcecode.c.objc; path = JOCommand.m; sourceTree = "<group>"; };
		421931DD1D586D260010392B /* JOModel.h */ = {isa = PBXFileReference; fileEncoding = 4; lastKnownFileType = sourcecode.c.h; path = JOModel.h; sourceTree = "<group>"; };
		421931DE1D586D260010392B /* JOModel.m */ = {isa = PBXFileReference; fileEncoding = 4; lastKnownFileType = sourcecode.c.objc; path = JOModel.m; sourceTree = "<group>"; };
		421931E21D586FA90010392B /* JONetRequestConfig.h */ = {isa = PBXFileReference; fileEncoding = 4; lastKnownFileType = sourcecode.c.h; path = JONetRequestConfig.h; sourceTree = "<group>"; };
		421931E31D586FA90010392B /* JONetRequestConfig.m */ = {isa = PBXFileReference; fileEncoding = 4; lastKnownFileType = sourcecode.c.objc; path = JONetRequestConfig.m; sourceTree = "<group>"; };
		421931E51D5872700010392B /* JODataRequestConfig.h */ = {isa = PBXFileReference; fileEncoding = 4; lastKnownFileType = sourcecode.c.h; path = JODataRequestConfig.h; sourceTree = "<group>"; };
		421931E61D5872700010392B /* JODataRequestConfig.m */ = {isa = PBXFileReference; fileEncoding = 4; lastKnownFileType = sourcecode.c.objc; path = JODataRequestConfig.m; sourceTree = "<group>"; };
		421931E81D5872880010392B /* JOFileUploadConfig.h */ = {isa = PBXFileReference; fileEncoding = 4; lastKnownFileType = sourcecode.c.h; path = JOFileUploadConfig.h; sourceTree = "<group>"; };
		421931E91D5872880010392B /* JOFileUploadConfig.m */ = {isa = PBXFileReference; fileEncoding = 4; lastKnownFileType = sourcecode.c.objc; path = JOFileUploadConfig.m; sourceTree = "<group>"; };
		421931EB1D5872AA0010392B /* JOFileDownloadConfig.h */ = {isa = PBXFileReference; fileEncoding = 4; lastKnownFileType = sourcecode.c.h; path = JOFileDownloadConfig.h; sourceTree = "<group>"; };
		421931EC1D5872AA0010392B /* JOFileDownloadConfig.m */ = {isa = PBXFileReference; fileEncoding = 4; lastKnownFileType = sourcecode.c.objc; path = JOFileDownloadConfig.m; sourceTree = "<group>"; };
		421BCB8E1D509F3700041007 /* NSString+JOExtend.h */ = {isa = PBXFileReference; fileEncoding = 4; lastKnownFileType = sourcecode.c.h; path = "NSString+JOExtend.h"; sourceTree = "<group>"; };
		421BCB8F1D509F3700041007 /* NSString+JOExtend.m */ = {isa = PBXFileReference; fileEncoding = 4; lastKnownFileType = sourcecode.c.objc; path = "NSString+JOExtend.m"; sourceTree = "<group>"; };
		421BCB931D50A80700041007 /* JOLayout.h */ = {isa = PBXFileReference; fileEncoding = 4; lastKnownFileType = sourcecode.c.h; path = JOLayout.h; sourceTree = "<group>"; };
		421BCB941D50A80700041007 /* JOLayout.m */ = {isa = PBXFileReference; fileEncoding = 4; lastKnownFileType = sourcecode.c.objc; path = JOLayout.m; sourceTree = "<group>"; };
		421BCB951D50A80700041007 /* JOLayoutItem.h */ = {isa = PBXFileReference; fileEncoding = 4; lastKnownFileType = sourcecode.c.h; path = JOLayoutItem.h; sourceTree = "<group>"; };
		421BCB961D50A80700041007 /* JOLayoutItem.m */ = {isa = PBXFileReference; fileEncoding = 4; lastKnownFileType = sourcecode.c.objc; path = JOLayoutItem.m; sourceTree = "<group>"; };
		421BCB991D50A86600041007 /* UIView+JOExtend.h */ = {isa = PBXFileReference; fileEncoding = 4; lastKnownFileType = sourcecode.c.h; path = "UIView+JOExtend.h"; sourceTree = "<group>"; };
		421BCB9A1D50A86600041007 /* UIView+JOExtend.m */ = {isa = PBXFileReference; fileEncoding = 4; lastKnownFileType = sourcecode.c.objc; path = "UIView+JOExtend.m"; sourceTree = "<group>"; };
		421BCB9C1D50A95800041007 /* UIImage+JOExtend.h */ = {isa = PBXFileReference; fileEncoding = 4; lastKnownFileType = sourcecode.c.h; path = "UIImage+JOExtend.h"; sourceTree = "<group>"; };
		421BCB9D1D50A95800041007 /* UIImage+JOExtend.m */ = {isa = PBXFileReference; fileEncoding = 4; lastKnownFileType = sourcecode.c.objc; path = "UIImage+JOExtend.m"; sourceTree = "<group>"; };
		421BCB9F1D50AB4E00041007 /* UIFont+JOExtend.h */ = {isa = PBXFileReference; fileEncoding = 4; lastKnownFileType = sourcecode.c.h; path = "UIFont+JOExtend.h"; sourceTree = "<group>"; };
		421BCBA01D50AB4E00041007 /* UIFont+JOExtend.m */ = {isa = PBXFileReference; fileEncoding = 4; lastKnownFileType = sourcecode.c.objc; path = "UIFont+JOExtend.m"; sourceTree = "<group>"; };
		421BCBA21D50B38400041007 /* UILabel+JOExtend.h */ = {isa = PBXFileReference; fileEncoding = 4; lastKnownFileType = sourcecode.c.h; path = "UILabel+JOExtend.h"; sourceTree = "<group>"; };
		421BCBA31D50B38400041007 /* UILabel+JOExtend.m */ = {isa = PBXFileReference; fileEncoding = 4; lastKnownFileType = sourcecode.c.objc; path = "UILabel+JOExtend.m"; sourceTree = "<group>"; };
		421BCBA51D519BEE00041007 /* UIColor+JOExtend.h */ = {isa = PBXFileReference; fileEncoding = 4; lastKnownFileType = sourcecode.c.h; path = "UIColor+JOExtend.h"; sourceTree = "<group>"; };
		421BCBA61D519BEE00041007 /* UIColor+JOExtend.m */ = {isa = PBXFileReference; fileEncoding = 4; lastKnownFileType = sourcecode.c.objc; path = "UIColor+JOExtend.m"; sourceTree = "<group>"; };
		422EFAD71D51C10200E427F6 /* CGGeometry+JOExtend.h */ = {isa = PBXFileReference; fileEncoding = 4; lastKnownFileType = sourcecode.c.h; path = "CGGeometry+JOExtend.h"; sourceTree = "<group>"; };
		422EFAE21D51CEBD00E427F6 /* NSObject+JOExtend.h */ = {isa = PBXFileReference; fileEncoding = 4; lastKnownFileType = sourcecode.c.h; path = "NSObject+JOExtend.h"; sourceTree = "<group>"; };
		422EFAE31D51CEBD00E427F6 /* NSObject+JOExtend.m */ = {isa = PBXFileReference; fileEncoding = 4; lastKnownFileType = sourcecode.c.objc; path = "NSObject+JOExtend.m"; sourceTree = "<group>"; };
		422EFAF31D51FB6E00E427F6 /* JOPathHelper.h */ = {isa = PBXFileReference; fileEncoding = 4; lastKnownFileType = sourcecode.c.h; path = JOPathHelper.h; sourceTree = "<group>"; };
		422EFAF41D51FB6E00E427F6 /* JOPathHelper.m */ = {isa = PBXFileReference; fileEncoding = 4; lastKnownFileType = sourcecode.c.objc; path = JOPathHelper.m; sourceTree = "<group>"; };
		422EFAF71D51FBC500E427F6 /* JOCacheHelper.h */ = {isa = PBXFileReference; fileEncoding = 4; lastKnownFileType = sourcecode.c.h; path = JOCacheHelper.h; sourceTree = "<group>"; };
		422EFAF81D51FBC500E427F6 /* JOCacheHelper.m */ = {isa = PBXFileReference; fileEncoding = 4; lastKnownFileType = sourcecode.c.objc; path = JOCacheHelper.m; sourceTree = "<group>"; };
		422EFAFB1D51FBEC00E427F6 /* JOFileHelper.h */ = {isa = PBXFileReference; fileEncoding = 4; lastKnownFileType = sourcecode.c.h; path = JOFileHelper.h; sourceTree = "<group>"; };
		422EFAFC1D51FBEC00E427F6 /* JOFileHelper.m */ = {isa = PBXFileReference; fileEncoding = 4; lastKnownFileType = sourcecode.c.objc; path = JOFileHelper.m; sourceTree = "<group>"; };
		422EFAFF1D51FCEE00E427F6 /* JOLogHelper.h */ = {isa = PBXFileReference; fileEncoding = 4; lastKnownFileType = sourcecode.c.h; path = JOLogHelper.h; sourceTree = "<group>"; };
		422EFB001D51FCEE00E427F6 /* JOLogHelper.m */ = {isa = PBXFileReference; fileEncoding = 4; lastKnownFileType = sourcecode.c.objc; path = JOLogHelper.m; sourceTree = "<group>"; };
		422EFB031D52026A00E427F6 /* JOExceptionHelper.h */ = {isa = PBXFileReference; fileEncoding = 4; lastKnownFileType = sourcecode.c.h; path = JOExceptionHelper.h; sourceTree = "<group>"; };
		422EFB041D52026A00E427F6 /* JOExceptionHelper.m */ = {isa = PBXFileReference; fileEncoding = 4; lastKnownFileType = sourcecode.c.objc; path = JOExceptionHelper.m; sourceTree = "<group>"; };
		422EFB071D52029A00E427F6 /* JOCrashHelper.h */ = {isa = PBXFileReference; fileEncoding = 4; lastKnownFileType = sourcecode.c.h; path = JOCrashHelper.h; sourceTree = "<group>"; };
		422EFB081D52029A00E427F6 /* JOCrashHelper.m */ = {isa = PBXFileReference; fileEncoding = 4; lastKnownFileType = sourcecode.c.objc; path = JOCrashHelper.m; sourceTree = "<group>"; };
		422EFB0C1D53268F00E427F6 /* JOMacro.h */ = {isa = PBXFileReference; fileEncoding = 4; lastKnownFileType = sourcecode.c.h; path = JOMacro.h; sourceTree = "<group>"; };
		423569CF1D7EB38A00D39487 /* JOBannerView.h */ = {isa = PBXFileReference; fileEncoding = 4; lastKnownFileType = sourcecode.c.h; path = JOBannerView.h; sourceTree = "<group>"; };
		423569D01D7EB38A00D39487 /* JOBannerView.m */ = {isa = PBXFileReference; fileEncoding = 4; lastKnownFileType = sourcecode.c.objc; path = JOBannerView.m; sourceTree = "<group>"; };
		423DCEEF1D547BE9008263E7 /* JSONModel.h */ = {isa = PBXFileReference; fileEncoding = 4; lastKnownFileType = sourcecode.c.h; path = JSONModel.h; sourceTree = "<group>"; };
		423DCEF01D547BE9008263E7 /* JSONModel.m */ = {isa = PBXFileReference; fileEncoding = 4; lastKnownFileType = sourcecode.c.objc; path = JSONModel.m; sourceTree = "<group>"; };
		423DCEF11D547BE9008263E7 /* JSONModelClassProperty.h */ = {isa = PBXFileReference; fileEncoding = 4; lastKnownFileType = sourcecode.c.h; path = JSONModelClassProperty.h; sourceTree = "<group>"; };
		423DCEF21D547BE9008263E7 /* JSONModelClassProperty.m */ = {isa = PBXFileReference; fileEncoding = 4; lastKnownFileType = sourcecode.c.objc; path = JSONModelClassProperty.m; sourceTree = "<group>"; };
		423DCEF31D547BE9008263E7 /* JSONModelError.h */ = {isa = PBXFileReference; fileEncoding = 4; lastKnownFileType = sourcecode.c.h; path = JSONModelError.h; sourceTree = "<group>"; };
		423DCEF41D547BE9008263E7 /* JSONModelError.m */ = {isa = PBXFileReference; fileEncoding = 4; lastKnownFileType = sourcecode.c.objc; path = JSONModelError.m; sourceTree = "<group>"; };
		423DCEF51D547BE9008263E7 /* JSONModelLib.h */ = {isa = PBXFileReference; fileEncoding = 4; lastKnownFileType = sourcecode.c.h; path = JSONModelLib.h; sourceTree = "<group>"; };
		423DCEF71D547BE9008263E7 /* JSONAPI.h */ = {isa = PBXFileReference; fileEncoding = 4; lastKnownFileType = sourcecode.c.h; path = JSONAPI.h; sourceTree = "<group>"; };
		423DCEF81D547BE9008263E7 /* JSONAPI.m */ = {isa = PBXFileReference; fileEncoding = 4; lastKnownFileType = sourcecode.c.objc; path = JSONAPI.m; sourceTree = "<group>"; };
		423DCEF91D547BE9008263E7 /* JSONHTTPClient.h */ = {isa = PBXFileReference; fileEncoding = 4; lastKnownFileType = sourcecode.c.h; path = JSONHTTPClient.h; sourceTree = "<group>"; };
		423DCEFA1D547BE9008263E7 /* JSONHTTPClient.m */ = {isa = PBXFileReference; fileEncoding = 4; lastKnownFileType = sourcecode.c.objc; path = JSONHTTPClient.m; sourceTree = "<group>"; };
		423DCEFB1D547BE9008263E7 /* JSONModel+networking.h */ = {isa = PBXFileReference; fileEncoding = 4; lastKnownFileType = sourcecode.c.h; path = "JSONModel+networking.h"; sourceTree = "<group>"; };
		423DCEFC1D547BE9008263E7 /* JSONModel+networking.m */ = {isa = PBXFileReference; fileEncoding = 4; lastKnownFileType = sourcecode.c.objc; path = "JSONModel+networking.m"; sourceTree = "<group>"; };
		423DCEFE1D547BE9008263E7 /* JSONKeyMapper.h */ = {isa = PBXFileReference; fileEncoding = 4; lastKnownFileType = sourcecode.c.h; path = JSONKeyMapper.h; sourceTree = "<group>"; };
		423DCEFF1D547BE9008263E7 /* JSONKeyMapper.m */ = {isa = PBXFileReference; fileEncoding = 4; lastKnownFileType = sourcecode.c.objc; path = JSONKeyMapper.m; sourceTree = "<group>"; };
		423DCF001D547BE9008263E7 /* JSONValueTransformer.h */ = {isa = PBXFileReference; fileEncoding = 4; lastKnownFileType = sourcecode.c.h; path = JSONValueTransformer.h; sourceTree = "<group>"; };
		423DCF011D547BE9008263E7 /* JSONValueTransformer.m */ = {isa = PBXFileReference; fileEncoding = 4; lastKnownFileType = sourcecode.c.objc; path = JSONValueTransformer.m; sourceTree = "<group>"; };
		423DCF0F1D547BFB008263E7 /* AFHTTPSessionManager.h */ = {isa = PBXFileReference; fileEncoding = 4; lastKnownFileType = sourcecode.c.h; path = AFHTTPSessionManager.h; sourceTree = "<group>"; };
		423DCF101D547BFB008263E7 /* AFHTTPSessionManager.m */ = {isa = PBXFileReference; fileEncoding = 4; lastKnownFileType = sourcecode.c.objc; path = AFHTTPSessionManager.m; sourceTree = "<group>"; };
		423DCF111D547BFB008263E7 /* AFNetworking.h */ = {isa = PBXFileReference; fileEncoding = 4; lastKnownFileType = sourcecode.c.h; path = AFNetworking.h; sourceTree = "<group>"; };
		423DCF121D547BFB008263E7 /* AFNetworkReachabilityManager.h */ = {isa = PBXFileReference; fileEncoding = 4; lastKnownFileType = sourcecode.c.h; path = AFNetworkReachabilityManager.h; sourceTree = "<group>"; };
		423DCF131D547BFB008263E7 /* AFNetworkReachabilityManager.m */ = {isa = PBXFileReference; fileEncoding = 4; lastKnownFileType = sourcecode.c.objc; path = AFNetworkReachabilityManager.m; sourceTree = "<group>"; };
		423DCF141D547BFB008263E7 /* AFSecurityPolicy.h */ = {isa = PBXFileReference; fileEncoding = 4; lastKnownFileType = sourcecode.c.h; path = AFSecurityPolicy.h; sourceTree = "<group>"; };
		423DCF151D547BFB008263E7 /* AFSecurityPolicy.m */ = {isa = PBXFileReference; fileEncoding = 4; lastKnownFileType = sourcecode.c.objc; path = AFSecurityPolicy.m; sourceTree = "<group>"; };
		423DCF161D547BFB008263E7 /* AFURLRequestSerialization.h */ = {isa = PBXFileReference; fileEncoding = 4; lastKnownFileType = sourcecode.c.h; path = AFURLRequestSerialization.h; sourceTree = "<group>"; };
		423DCF171D547BFB008263E7 /* AFURLRequestSerialization.m */ = {isa = PBXFileReference; fileEncoding = 4; lastKnownFileType = sourcecode.c.objc; path = AFURLRequestSerialization.m; sourceTree = "<group>"; };
		423DCF181D547BFB008263E7 /* AFURLResponseSerialization.h */ = {isa = PBXFileReference; fileEncoding = 4; lastKnownFileType = sourcecode.c.h; path = AFURLResponseSerialization.h; sourceTree = "<group>"; };
		423DCF191D547BFB008263E7 /* AFURLResponseSerialization.m */ = {isa = PBXFileReference; fileEncoding = 4; lastKnownFileType = sourcecode.c.objc; path = AFURLResponseSerialization.m; sourceTree = "<group>"; };
		423DCF1A1D547BFB008263E7 /* AFURLSessionManager.h */ = {isa = PBXFileReference; fileEncoding = 4; lastKnownFileType = sourcecode.c.h; path = AFURLSessionManager.h; sourceTree = "<group>"; };
		423DCF1B1D547BFB008263E7 /* AFURLSessionManager.m */ = {isa = PBXFileReference; fileEncoding = 4; lastKnownFileType = sourcecode.c.objc; path = AFURLSessionManager.m; sourceTree = "<group>"; };
		423DCF1F1D547BFB008263E7 /* AFAutoPurgingImageCache.h */ = {isa = PBXFileReference; fileEncoding = 4; lastKnownFileType = sourcecode.c.h; path = AFAutoPurgingImageCache.h; sourceTree = "<group>"; };
		423DCF201D547BFB008263E7 /* AFAutoPurgingImageCache.m */ = {isa = PBXFileReference; fileEncoding = 4; lastKnownFileType = sourcecode.c.objc; path = AFAutoPurgingImageCache.m; sourceTree = "<group>"; };
		423DCF211D547BFB008263E7 /* AFImageDownloader.h */ = {isa = PBXFileReference; fileEncoding = 4; lastKnownFileType = sourcecode.c.h; path = AFImageDownloader.h; sourceTree = "<group>"; };
		423DCF221D547BFB008263E7 /* AFImageDownloader.m */ = {isa = PBXFileReference; fileEncoding = 4; lastKnownFileType = sourcecode.c.objc; path = AFImageDownloader.m; sourceTree = "<group>"; };
		423DCF231D547BFB008263E7 /* AFNetworkActivityIndicatorManager.h */ = {isa = PBXFileReference; fileEncoding = 4; lastKnownFileType = sourcecode.c.h; path = AFNetworkActivityIndicatorManager.h; sourceTree = "<group>"; };
		423DCF241D547BFB008263E7 /* AFNetworkActivityIndicatorManager.m */ = {isa = PBXFileReference; fileEncoding = 4; lastKnownFileType = sourcecode.c.objc; path = AFNetworkActivityIndicatorManager.m; sourceTree = "<group>"; };
		423DCF251D547BFB008263E7 /* UIActivityIndicatorView+AFNetworking.h */ = {isa = PBXFileReference; fileEncoding = 4; lastKnownFileType = sourcecode.c.h; path = "UIActivityIndicatorView+AFNetworking.h"; sourceTree = "<group>"; };
		423DCF261D547BFB008263E7 /* UIActivityIndicatorView+AFNetworking.m */ = {isa = PBXFileReference; fileEncoding = 4; lastKnownFileType = sourcecode.c.objc; path = "UIActivityIndicatorView+AFNetworking.m"; sourceTree = "<group>"; };
		423DCF271D547BFB008263E7 /* UIButton+AFNetworking.h */ = {isa = PBXFileReference; fileEncoding = 4; lastKnownFileType = sourcecode.c.h; path = "UIButton+AFNetworking.h"; sourceTree = "<group>"; };
		423DCF281D547BFB008263E7 /* UIButton+AFNetworking.m */ = {isa = PBXFileReference; fileEncoding = 4; lastKnownFileType = sourcecode.c.objc; path = "UIButton+AFNetworking.m"; sourceTree = "<group>"; };
		423DCF291D547BFB008263E7 /* UIImage+AFNetworking.h */ = {isa = PBXFileReference; fileEncoding = 4; lastKnownFileType = sourcecode.c.h; path = "UIImage+AFNetworking.h"; sourceTree = "<group>"; };
		423DCF2A1D547BFB008263E7 /* UIImageView+AFNetworking.h */ = {isa = PBXFileReference; fileEncoding = 4; lastKnownFileType = sourcecode.c.h; path = "UIImageView+AFNetworking.h"; sourceTree = "<group>"; };
		423DCF2B1D547BFB008263E7 /* UIImageView+AFNetworking.m */ = {isa = PBXFileReference; fileEncoding = 4; lastKnownFileType = sourcecode.c.objc; path = "UIImageView+AFNetworking.m"; sourceTree = "<group>"; };
		423DCF2C1D547BFB008263E7 /* UIKit+AFNetworking.h */ = {isa = PBXFileReference; fileEncoding = 4; lastKnownFileType = sourcecode.c.h; path = "UIKit+AFNetworking.h"; sourceTree = "<group>"; };
		423DCF2D1D547BFB008263E7 /* UIProgressView+AFNetworking.h */ = {isa = PBXFileReference; fileEncoding = 4; lastKnownFileType = sourcecode.c.h; path = "UIProgressView+AFNetworking.h"; sourceTree = "<group>"; };
		423DCF2E1D547BFB008263E7 /* UIProgressView+AFNetworking.m */ = {isa = PBXFileReference; fileEncoding = 4; lastKnownFileType = sourcecode.c.objc; path = "UIProgressView+AFNetworking.m"; sourceTree = "<group>"; };
		423DCF2F1D547BFB008263E7 /* UIRefreshControl+AFNetworking.h */ = {isa = PBXFileReference; fileEncoding = 4; lastKnownFileType = sourcecode.c.h; path = "UIRefreshControl+AFNetworking.h"; sourceTree = "<group>"; };
		423DCF301D547BFB008263E7 /* UIRefreshControl+AFNetworking.m */ = {isa = PBXFileReference; fileEncoding = 4; lastKnownFileType = sourcecode.c.objc; path = "UIRefreshControl+AFNetworking.m"; sourceTree = "<group>"; };
		423DCF311D547BFB008263E7 /* UIWebView+AFNetworking.h */ = {isa = PBXFileReference; fileEncoding = 4; lastKnownFileType = sourcecode.c.h; path = "UIWebView+AFNetworking.h"; sourceTree = "<group>"; };
		423DCF321D547BFB008263E7 /* UIWebView+AFNetworking.m */ = {isa = PBXFileReference; fileEncoding = 4; lastKnownFileType = sourcecode.c.objc; path = "UIWebView+AFNetworking.m"; sourceTree = "<group>"; };
		42672A4D1D50820700051FE1 /* libJOKit.a */ = {isa = PBXFileReference; explicitFileType = archive.ar; includeInIndex = 0; path = libJOKit.a; sourceTree = BUILT_PRODUCTS_DIR; };
		42672A501D50820700051FE1 /* JOKit.h */ = {isa = PBXFileReference; lastKnownFileType = sourcecode.c.h; path = JOKit.h; sourceTree = "<group>"; };
		42B7F4541D597A59000AC728 /* JOSignal.h */ = {isa = PBXFileReference; fileEncoding = 4; lastKnownFileType = sourcecode.c.h; path = JOSignal.h; sourceTree = "<group>"; };
		42B7F4551D597A59000AC728 /* JOSignal.m */ = {isa = PBXFileReference; fileEncoding = 4; lastKnownFileType = sourcecode.c.objc; path = JOSignal.m; sourceTree = "<group>"; };
		42B7F4581D59DE29000AC728 /* JONetManage.h */ = {isa = PBXFileReference; fileEncoding = 4; lastKnownFileType = sourcecode.c.h; path = JONetManage.h; sourceTree = "<group>"; };
		42B7F4591D59DE29000AC728 /* JONetManage.m */ = {isa = PBXFileReference; fileEncoding = 4; lastKnownFileType = sourcecode.c.objc; path = JONetManage.m; sourceTree = "<group>"; };
		42DE04D71D8FF36400393991 /* NSDate+JOExtend.h */ = {isa = PBXFileReference; fileEncoding = 4; lastKnownFileType = sourcecode.c.h; path = "NSDate+JOExtend.h"; sourceTree = "<group>"; };
		42DE04D81D8FF36400393991 /* NSDate+JOExtend.m */ = {isa = PBXFileReference; fileEncoding = 4; lastKnownFileType = sourcecode.c.objc; path = "NSDate+JOExtend.m"; sourceTree = "<group>"; };
		42E802991D914A8300EE89B6 /* JODateMacro.h */ = {isa = PBXFileReference; lastKnownFileType = sourcecode.c.h; path = JODateMacro.h; sourceTree = "<group>"; };
/* End PBXFileReference section */

/* Begin PBXFrameworksBuildPhase section */
		42672A4A1D50820700051FE1 /* Frameworks */ = {
			isa = PBXFrameworksBuildPhase;
			buildActionMask = 2147483647;
			files = (
			);
			runOnlyForDeploymentPostprocessing = 0;
		};
/* End PBXFrameworksBuildPhase section */

/* Begin PBXGroup section */
		4206AF411D7D5F41002F6397 /* Scheme */ = {
			isa = PBXGroup;
			children = (
				4206AF421D7D5F75002F6397 /* JOSchemeManage.h */,
				4206AF431D7D5F75002F6397 /* JOSchemeManage.m */,
				4206AF451D7D61EF002F6397 /* JOSchemeItem.h */,
				4206AF461D7D61EF002F6397 /* JOSchemeItem.m */,
			);
			path = Scheme;
			sourceTree = "<group>";
		};
		421931BE1D585E860010392B /* Command */ = {
			isa = PBXGroup;
			children = (
				421931C31D585F110010392B /* JOSignalProtocol.h */,
				421931D21D5864C20010392B /* JOCommand.h */,
				421931D31D5864C20010392B /* JOCommand.m */,
				42B7F4541D597A59000AC728 /* JOSignal.h */,
				42B7F4551D597A59000AC728 /* JOSignal.m */,
			);
			path = Command;
			sourceTree = "<group>";
		};
		421931BF1D585E8C0010392B /* ViewModel */ = {
			isa = PBXGroup;
			children = (
				421931C01D585EB40010392B /* JOViewModel.h */,
				421931C11D585EB40010392B /* JOViewModel.m */,
			);
			path = ViewModel;
			sourceTree = "<group>";
		};
		421931DC1D586D080010392B /* Model */ = {
			isa = PBXGroup;
			children = (
				421931DD1D586D260010392B /* JOModel.h */,
				421931DE1D586D260010392B /* JOModel.m */,
			);
			path = Model;
			sourceTree = "<group>";
		};
		421931E01D586D650010392B /* NetWork */ = {
			isa = PBXGroup;
			children = (
				421931E11D586F730010392B /* Config */,
				42B7F4581D59DE29000AC728 /* JONetManage.h */,
				42B7F4591D59DE29000AC728 /* JONetManage.m */,
			);
			path = NetWork;
			sourceTree = "<group>";
		};
		421931E11D586F730010392B /* Config */ = {
			isa = PBXGroup;
			children = (
				421931E21D586FA90010392B /* JONetRequestConfig.h */,
				421931E31D586FA90010392B /* JONetRequestConfig.m */,
				421931E51D5872700010392B /* JODataRequestConfig.h */,
				421931E61D5872700010392B /* JODataRequestConfig.m */,
				421931E81D5872880010392B /* JOFileUploadConfig.h */,
				421931E91D5872880010392B /* JOFileUploadConfig.m */,
				421931EB1D5872AA0010392B /* JOFileDownloadConfig.h */,
				421931EC1D5872AA0010392B /* JOFileDownloadConfig.m */,
			);
			path = Config;
			sourceTree = "<group>";
		};
		421BCB8D1D509F0F00041007 /* Extend */ = {
			isa = PBXGroup;
			children = (
				422EFAE21D51CEBD00E427F6 /* NSObject+JOExtend.h */,
				422EFAE31D51CEBD00E427F6 /* NSObject+JOExtend.m */,
				421BCBA21D50B38400041007 /* UILabel+JOExtend.h */,
				421BCBA31D50B38400041007 /* UILabel+JOExtend.m */,
				421BCB9F1D50AB4E00041007 /* UIFont+JOExtend.h */,
				421BCBA01D50AB4E00041007 /* UIFont+JOExtend.m */,
				421BCB9C1D50A95800041007 /* UIImage+JOExtend.h */,
				421BCB9D1D50A95800041007 /* UIImage+JOExtend.m */,
				421BCB991D50A86600041007 /* UIView+JOExtend.h */,
				421BCB9A1D50A86600041007 /* UIView+JOExtend.m */,
				421BCB8E1D509F3700041007 /* NSString+JOExtend.h */,
				421BCB8F1D509F3700041007 /* NSString+JOExtend.m */,
				421BCBA51D519BEE00041007 /* UIColor+JOExtend.h */,
				421BCBA61D519BEE00041007 /* UIColor+JOExtend.m */,
				42DE04D71D8FF36400393991 /* NSDate+JOExtend.h */,
				42DE04D81D8FF36400393991 /* NSDate+JOExtend.m */,
				422EFAD71D51C10200E427F6 /* CGGeometry+JOExtend.h */,
			);
			path = Extend;
			sourceTree = "<group>";
		};
		421BCB911D50A7D700041007 /* Utility */ = {
			isa = PBXGroup;
			children = (
				4206AF411D7D5F41002F6397 /* Scheme */,
				421931E01D586D650010392B /* NetWork */,
				421931DC1D586D080010392B /* Model */,
				421931BF1D585E8C0010392B /* ViewModel */,
				421931BE1D585E860010392B /* Command */,
				422EFB061D52028800E427F6 /* CrashHelper */,
				422EFB021D5201ED00E427F6 /* ExceptionHelper */,
				422EFAFE1D51FCDB00E427F6 /* LogHelper */,
				422EFAFA1D51FBDF00E427F6 /* FileHelper */,
				422EFAF61D51FB8F00E427F6 /* CacheHelper */,
				422EFAF21D51FB2600E427F6 /* PathHelper */,
				421BCB921D50A7F100041007 /* AutoLayout */,
			);
			path = Utility;
			sourceTree = "<group>";
		};
		421BCB921D50A7F100041007 /* AutoLayout */ = {
			isa = PBXGroup;
			children = (
				421BCB931D50A80700041007 /* JOLayout.h */,
				421BCB941D50A80700041007 /* JOLayout.m */,
				421BCB951D50A80700041007 /* JOLayoutItem.h */,
				421BCB961D50A80700041007 /* JOLayoutItem.m */,
				420C08D41D5C8DC100CC9E32 /* UIView+JOAutolayout.h */,
				420C08D51D5C8DC100CC9E32 /* UIView+JOAutolayout.m */,
			);
			path = AutoLayout;
			sourceTree = "<group>";
		};
		422EFAF21D51FB2600E427F6 /* PathHelper */ = {
			isa = PBXGroup;
			children = (
				422EFAF31D51FB6E00E427F6 /* JOPathHelper.h */,
				422EFAF41D51FB6E00E427F6 /* JOPathHelper.m */,
			);
			path = PathHelper;
			sourceTree = "<group>";
		};
		422EFAF61D51FB8F00E427F6 /* CacheHelper */ = {
			isa = PBXGroup;
			children = (
				422EFAF71D51FBC500E427F6 /* JOCacheHelper.h */,
				422EFAF81D51FBC500E427F6 /* JOCacheHelper.m */,
			);
			path = CacheHelper;
			sourceTree = "<group>";
		};
		422EFAFA1D51FBDF00E427F6 /* FileHelper */ = {
			isa = PBXGroup;
			children = (
				422EFAFB1D51FBEC00E427F6 /* JOFileHelper.h */,
				422EFAFC1D51FBEC00E427F6 /* JOFileHelper.m */,
			);
			path = FileHelper;
			sourceTree = "<group>";
		};
		422EFAFE1D51FCDB00E427F6 /* LogHelper */ = {
			isa = PBXGroup;
			children = (
				422EFAFF1D51FCEE00E427F6 /* JOLogHelper.h */,
				422EFB001D51FCEE00E427F6 /* JOLogHelper.m */,
			);
			path = LogHelper;
			sourceTree = "<group>";
		};
		422EFB021D5201ED00E427F6 /* ExceptionHelper */ = {
			isa = PBXGroup;
			children = (
				422EFB031D52026A00E427F6 /* JOExceptionHelper.h */,
				422EFB041D52026A00E427F6 /* JOExceptionHelper.m */,
			);
			path = ExceptionHelper;
			sourceTree = "<group>";
		};
		422EFB061D52028800E427F6 /* CrashHelper */ = {
			isa = PBXGroup;
			children = (
				422EFB071D52029A00E427F6 /* JOCrashHelper.h */,
				422EFB081D52029A00E427F6 /* JOCrashHelper.m */,
			);
			path = CrashHelper;
			sourceTree = "<group>";
		};
		422EFB0B1D53268F00E427F6 /* Macro */ = {
			isa = PBXGroup;
			children = (
				422EFB0C1D53268F00E427F6 /* JOMacro.h */,
				42E802991D914A8300EE89B6 /* JODateMacro.h */,
			);
			path = Macro;
			sourceTree = "<group>";
		};
		423569CD1D7EB38A00D39487 /* UIKit */ = {
			isa = PBXGroup;
			children = (
				423569CE1D7EB38A00D39487 /* UIView */,
				423569D11D7EB38A00D39487 /* UIViewController */,
			);
			path = UIKit;
			sourceTree = "<group>";
		};
		423569CE1D7EB38A00D39487 /* UIView */ = {
			isa = PBXGroup;
			children = (
				423569CF1D7EB38A00D39487 /* JOBannerView.h */,
				423569D01D7EB38A00D39487 /* JOBannerView.m */,
			);
			path = UIView;
			sourceTree = "<group>";
		};
		423569D11D7EB38A00D39487 /* UIViewController */ = {
			isa = PBXGroup;
			children = (
			);
			path = UIViewController;
			sourceTree = "<group>";
		};
		423DCEE81D547AAF008263E7 /* podSrc */ = {
			isa = PBXGroup;
			children = (
				423DCF0D1D547BFB008263E7 /* AFNetworking */,
				423DCEEC1D547BE9008263E7 /* JSONModel */,
			);
			path = podSrc;
			sourceTree = "<group>";
		};
		423DCEEC1D547BE9008263E7 /* JSONModel */ = {
			isa = PBXGroup;
			children = (
				423DCEED1D547BE9008263E7 /* JSONModel */,
			);
			path = JSONModel;
			sourceTree = "<group>";
		};
		423DCEED1D547BE9008263E7 /* JSONModel */ = {
			isa = PBXGroup;
			children = (
				423DCEEE1D547BE9008263E7 /* JSONModel */,
				423DCEF51D547BE9008263E7 /* JSONModelLib.h */,
				423DCEF61D547BE9008263E7 /* JSONModelNetworking */,
				423DCEFD1D547BE9008263E7 /* JSONModelTransformations */,
			);
			path = JSONModel;
			sourceTree = "<group>";
		};
		423DCEEE1D547BE9008263E7 /* JSONModel */ = {
			isa = PBXGroup;
			children = (
				423DCEEF1D547BE9008263E7 /* JSONModel.h */,
				423DCEF01D547BE9008263E7 /* JSONModel.m */,
				423DCEF11D547BE9008263E7 /* JSONModelClassProperty.h */,
				423DCEF21D547BE9008263E7 /* JSONModelClassProperty.m */,
				423DCEF31D547BE9008263E7 /* JSONModelError.h */,
				423DCEF41D547BE9008263E7 /* JSONModelError.m */,
			);
			path = JSONModel;
			sourceTree = "<group>";
		};
		423DCEF61D547BE9008263E7 /* JSONModelNetworking */ = {
			isa = PBXGroup;
			children = (
				423DCEF71D547BE9008263E7 /* JSONAPI.h */,
				423DCEF81D547BE9008263E7 /* JSONAPI.m */,
				423DCEF91D547BE9008263E7 /* JSONHTTPClient.h */,
				423DCEFA1D547BE9008263E7 /* JSONHTTPClient.m */,
				423DCEFB1D547BE9008263E7 /* JSONModel+networking.h */,
				423DCEFC1D547BE9008263E7 /* JSONModel+networking.m */,
			);
			path = JSONModelNetworking;
			sourceTree = "<group>";
		};
		423DCEFD1D547BE9008263E7 /* JSONModelTransformations */ = {
			isa = PBXGroup;
			children = (
				423DCEFE1D547BE9008263E7 /* JSONKeyMapper.h */,
				423DCEFF1D547BE9008263E7 /* JSONKeyMapper.m */,
				423DCF001D547BE9008263E7 /* JSONValueTransformer.h */,
				423DCF011D547BE9008263E7 /* JSONValueTransformer.m */,
			);
			path = JSONModelTransformations;
			sourceTree = "<group>";
		};
		423DCF0D1D547BFB008263E7 /* AFNetworking */ = {
			isa = PBXGroup;
			children = (
				423DCF0E1D547BFB008263E7 /* AFNetworking */,
				423DCF1E1D547BFB008263E7 /* UIKit+AFNetworking */,
			);
			path = AFNetworking;
			sourceTree = "<group>";
		};
		423DCF0E1D547BFB008263E7 /* AFNetworking */ = {
			isa = PBXGroup;
			children = (
				423DCF0F1D547BFB008263E7 /* AFHTTPSessionManager.h */,
				423DCF101D547BFB008263E7 /* AFHTTPSessionManager.m */,
				423DCF111D547BFB008263E7 /* AFNetworking.h */,
				423DCF121D547BFB008263E7 /* AFNetworkReachabilityManager.h */,
				423DCF131D547BFB008263E7 /* AFNetworkReachabilityManager.m */,
				423DCF141D547BFB008263E7 /* AFSecurityPolicy.h */,
				423DCF151D547BFB008263E7 /* AFSecurityPolicy.m */,
				423DCF161D547BFB008263E7 /* AFURLRequestSerialization.h */,
				423DCF171D547BFB008263E7 /* AFURLRequestSerialization.m */,
				423DCF181D547BFB008263E7 /* AFURLResponseSerialization.h */,
				423DCF191D547BFB008263E7 /* AFURLResponseSerialization.m */,
				423DCF1A1D547BFB008263E7 /* AFURLSessionManager.h */,
				423DCF1B1D547BFB008263E7 /* AFURLSessionManager.m */,
			);
			path = AFNetworking;
			sourceTree = "<group>";
		};
		423DCF1E1D547BFB008263E7 /* UIKit+AFNetworking */ = {
			isa = PBXGroup;
			children = (
				423DCF1F1D547BFB008263E7 /* AFAutoPurgingImageCache.h */,
				423DCF201D547BFB008263E7 /* AFAutoPurgingImageCache.m */,
				423DCF211D547BFB008263E7 /* AFImageDownloader.h */,
				423DCF221D547BFB008263E7 /* AFImageDownloader.m */,
				423DCF231D547BFB008263E7 /* AFNetworkActivityIndicatorManager.h */,
				423DCF241D547BFB008263E7 /* AFNetworkActivityIndicatorManager.m */,
				423DCF251D547BFB008263E7 /* UIActivityIndicatorView+AFNetworking.h */,
				423DCF261D547BFB008263E7 /* UIActivityIndicatorView+AFNetworking.m */,
				423DCF271D547BFB008263E7 /* UIButton+AFNetworking.h */,
				423DCF281D547BFB008263E7 /* UIButton+AFNetworking.m */,
				423DCF291D547BFB008263E7 /* UIImage+AFNetworking.h */,
				423DCF2A1D547BFB008263E7 /* UIImageView+AFNetworking.h */,
				423DCF2B1D547BFB008263E7 /* UIImageView+AFNetworking.m */,
				423DCF2C1D547BFB008263E7 /* UIKit+AFNetworking.h */,
				423DCF2D1D547BFB008263E7 /* UIProgressView+AFNetworking.h */,
				423DCF2E1D547BFB008263E7 /* UIProgressView+AFNetworking.m */,
				423DCF2F1D547BFB008263E7 /* UIRefreshControl+AFNetworking.h */,
				423DCF301D547BFB008263E7 /* UIRefreshControl+AFNetworking.m */,
				423DCF311D547BFB008263E7 /* UIWebView+AFNetworking.h */,
				423DCF321D547BFB008263E7 /* UIWebView+AFNetworking.m */,
			);
			path = "UIKit+AFNetworking";
			sourceTree = "<group>";
		};
		42672A441D50820700051FE1 = {
			isa = PBXGroup;
			children = (
				42672A4F1D50820700051FE1 /* JOKit */,
				42672A4E1D50820700051FE1 /* Products */,
			);
			sourceTree = "<group>";
		};
		42672A4E1D50820700051FE1 /* Products */ = {
			isa = PBXGroup;
			children = (
				42672A4D1D50820700051FE1 /* libJOKit.a */,
			);
			name = Products;
			sourceTree = "<group>";
		};
		42672A4F1D50820700051FE1 /* JOKit */ = {
			isa = PBXGroup;
			children = (
				423569CD1D7EB38A00D39487 /* UIKit */,
				423DCEE81D547AAF008263E7 /* podSrc */,
				422EFB0B1D53268F00E427F6 /* Macro */,
				421BCB911D50A7D700041007 /* Utility */,
				421BCB8D1D509F0F00041007 /* Extend */,
				42672A501D50820700051FE1 /* JOKit.h */,
			);
			path = JOKit;
			sourceTree = "<group>";
		};
/* End PBXGroup section */

/* Begin PBXNativeTarget section */
		42672A4C1D50820700051FE1 /* JOKit */ = {
			isa = PBXNativeTarget;
			buildConfigurationList = 42672A561D50820700051FE1 /* Build configuration list for PBXNativeTarget "JOKit" */;
			buildPhases = (
				42672A491D50820700051FE1 /* Sources */,
				42672A4A1D50820700051FE1 /* Frameworks */,
				42672A4B1D50820700051FE1 /* CopyFiles */,
			);
			buildRules = (
			);
			dependencies = (
			);
			name = JOKit;
			productName = JOKit;
			productReference = 42672A4D1D50820700051FE1 /* libJOKit.a */;
			productType = "com.apple.product-type.library.static";
		};
/* End PBXNativeTarget section */

/* Begin PBXProject section */
		42672A451D50820700051FE1 /* Project object */ = {
			isa = PBXProject;
			attributes = {
				LastUpgradeCheck = 0800;
				ORGANIZATIONNAME = Joshua;
				TargetAttributes = {
					42672A4C1D50820700051FE1 = {
						CreatedOnToolsVersion = 7.3.1;
					};
				};
			};
			buildConfigurationList = 42672A481D50820700051FE1 /* Build configuration list for PBXProject "JOKit" */;
			compatibilityVersion = "Xcode 3.2";
			developmentRegion = English;
			hasScannedForEncodings = 0;
			knownRegions = (
				en,
			);
			mainGroup = 42672A441D50820700051FE1;
			productRefGroup = 42672A4E1D50820700051FE1 /* Products */;
			projectDirPath = "";
			projectRoot = "";
			targets = (
				42672A4C1D50820700051FE1 /* JOKit */,
			);
		};
/* End PBXProject section */

/* Begin PBXSourcesBuildPhase section */
		42672A491D50820700051FE1 /* Sources */ = {
			isa = PBXSourcesBuildPhase;
			buildActionMask = 2147483647;
			files = (
				422EFAE41D51CEBD00E427F6 /* NSObject+JOExtend.m in Sources */,
				423DCF3F1D547BFB008263E7 /* UIImageView+AFNetworking.m in Sources */,
				421BCBA71D519BEE00041007 /* UIColor+JOExtend.m in Sources */,
				423DCF051D547BE9008263E7 /* JSONModelClassProperty.m in Sources */,
				421BCB9E1D50A95800041007 /* UIImage+JOExtend.m in Sources */,
				421931E41D586FA90010392B /* JONetRequestConfig.m in Sources */,
				421BCB901D509F3700041007 /* NSString+JOExtend.m in Sources */,
				422EFB091D52029A00E427F6 /* JOCrashHelper.m in Sources */,
				423DCF3C1D547BFB008263E7 /* AFNetworkActivityIndicatorManager.m in Sources */,
				422EFAF51D51FB6E00E427F6 /* JOPathHelper.m in Sources */,
				423DCF3E1D547BFB008263E7 /* UIButton+AFNetworking.m in Sources */,
				421931DF1D586D260010392B /* JOModel.m in Sources */,
				423DCF3D1D547BFB008263E7 /* UIActivityIndicatorView+AFNetworking.m in Sources */,
				423DCF381D547BFB008263E7 /* AFURLSessionManager.m in Sources */,
				4206AF471D7D61EF002F6397 /* JOSchemeItem.m in Sources */,
				423DCF061D547BE9008263E7 /* JSONModelError.m in Sources */,
				423DCF341D547BFB008263E7 /* AFNetworkReachabilityManager.m in Sources */,
				422EFB051D52026A00E427F6 /* JOExceptionHelper.m in Sources */,
				421BCB971D50A80700041007 /* JOLayout.m in Sources */,
				422EFAF91D51FBC500E427F6 /* JOCacheHelper.m in Sources */,
				423DCF371D547BFB008263E7 /* AFURLResponseSerialization.m in Sources */,
				420C08D61D5C8DC100CC9E32 /* UIView+JOAutolayout.m in Sources */,
				422EFAFD1D51FBEC00E427F6 /* JOFileHelper.m in Sources */,
				423DCF091D547BE9008263E7 /* JSONModel+networking.m in Sources */,
				423DCF3A1D547BFB008263E7 /* AFAutoPurgingImageCache.m in Sources */,
				423DCF401D547BFB008263E7 /* UIProgressView+AFNetworking.m in Sources */,
				422EFB011D51FCEE00E427F6 /* JOLogHelper.m in Sources */,
				42B7F45A1D59DE29000AC728 /* JONetManage.m in Sources */,
				421931EA1D5872880010392B /* JOFileUploadConfig.m in Sources */,
				423DCF071D547BE9008263E7 /* JSONAPI.m in Sources */,
				423569D21D7EB38A00D39487 /* JOBannerView.m in Sources */,
				421BCBA11D50AB4E00041007 /* UIFont+JOExtend.m in Sources */,
				4206AF441D7D5F75002F6397 /* JOSchemeManage.m in Sources */,
				421BCB981D50A80700041007 /* JOLayoutItem.m in Sources */,
				423DCF0B1D547BE9008263E7 /* JSONValueTransformer.m in Sources */,
				423DCF351D547BFB008263E7 /* AFSecurityPolicy.m in Sources */,
				421931ED1D5872AA0010392B /* JOFileDownloadConfig.m in Sources */,
				421931D41D5864C20010392B /* JOCommand.m in Sources */,
				423DCF0A1D547BE9008263E7 /* JSONKeyMapper.m in Sources */,
				423DCF331D547BFB008263E7 /* AFHTTPSessionManager.m in Sources */,
				421931E71D5872700010392B /* JODataRequestConfig.m in Sources */,
				42B7F4561D597A59000AC728 /* JOSignal.m in Sources */,
				423DCF041D547BE9008263E7 /* JSONModel.m in Sources */,
				421BCB9B1D50A86600041007 /* UIView+JOExtend.m in Sources */,
				423DCF361D547BFB008263E7 /* AFURLRequestSerialization.m in Sources */,
				423DCF3B1D547BFB008263E7 /* AFImageDownloader.m in Sources */,
				423DCF421D547BFB008263E7 /* UIWebView+AFNetworking.m in Sources */,
				423DCF081D547BE9008263E7 /* JSONHTTPClient.m in Sources */,
				421931C21D585EB40010392B /* JOViewModel.m in Sources */,
				421BCBA41D50B38400041007 /* UILabel+JOExtend.m in Sources */,
				423DCF411D547BFB008263E7 /* UIRefreshControl+AFNetworking.m in Sources */,
				42DE04D91D8FF36400393991 /* NSDate+JOExtend.m in Sources */,
			);
			runOnlyForDeploymentPostprocessing = 0;
		};
/* End PBXSourcesBuildPhase section */

/* Begin XCBuildConfiguration section */
		42672A541D50820700051FE1 /* Debug */ = {
			isa = XCBuildConfiguration;
			buildSettings = {
				ALWAYS_SEARCH_USER_PATHS = NO;
				CLANG_ANALYZER_NONNULL = YES;
				CLANG_CXX_LANGUAGE_STANDARD = "gnu++0x";
				CLANG_CXX_LIBRARY = "libc++";
				CLANG_ENABLE_MODULES = YES;
				CLANG_ENABLE_OBJC_ARC = YES;
				CLANG_WARN_BOOL_CONVERSION = YES;
				CLANG_WARN_CONSTANT_CONVERSION = YES;
				CLANG_WARN_DIRECT_OBJC_ISA_USAGE = YES_ERROR;
				CLANG_WARN_EMPTY_BODY = YES;
				CLANG_WARN_ENUM_CONVERSION = YES;
				CLANG_WARN_INFINITE_RECURSION = YES;
				CLANG_WARN_INT_CONVERSION = YES;
				CLANG_WARN_OBJC_ROOT_CLASS = YES_ERROR;
				CLANG_WARN_SUSPICIOUS_MOVE = YES;
				CLANG_WARN_UNREACHABLE_CODE = YES;
				CLANG_WARN__DUPLICATE_METHOD_MATCH = YES;
				"CODE_SIGN_IDENTITY[sdk=iphoneos*]" = "iPhone Developer";
				COPY_PHASE_STRIP = NO;
				DEBUG_INFORMATION_FORMAT = dwarf;
				ENABLE_STRICT_OBJC_MSGSEND = YES;
				ENABLE_TESTABILITY = YES;
				GCC_C_LANGUAGE_STANDARD = gnu99;
				GCC_DYNAMIC_NO_PIC = NO;
				GCC_NO_COMMON_BLOCKS = YES;
				GCC_OPTIMIZATION_LEVEL = 0;
				GCC_PREPROCESSOR_DEFINITIONS = (
					"DEBUG=1",
					"$(inherited)",
				);
				GCC_WARN_64_TO_32_BIT_CONVERSION = YES;
				GCC_WARN_ABOUT_RETURN_TYPE = YES_ERROR;
				GCC_WARN_UNDECLARED_SELECTOR = YES;
				GCC_WARN_UNINITIALIZED_AUTOS = YES_AGGRESSIVE;
				GCC_WARN_UNUSED_FUNCTION = YES;
				GCC_WARN_UNUSED_VARIABLE = YES;
				IPHONEOS_DEPLOYMENT_TARGET = 8.0;
				MTL_ENABLE_DEBUG_INFO = YES;
				ONLY_ACTIVE_ARCH = YES;
				SDKROOT = iphoneos;
			};
			name = Debug;
		};
		42672A551D50820700051FE1 /* Release */ = {
			isa = XCBuildConfiguration;
			buildSettings = {
				ALWAYS_SEARCH_USER_PATHS = NO;
				CLANG_ANALYZER_NONNULL = YES;
				CLANG_CXX_LANGUAGE_STANDARD = "gnu++0x";
				CLANG_CXX_LIBRARY = "libc++";
				CLANG_ENABLE_MODULES = YES;
				CLANG_ENABLE_OBJC_ARC = YES;
				CLANG_WARN_BOOL_CONVERSION = YES;
				CLANG_WARN_CONSTANT_CONVERSION = YES;
				CLANG_WARN_DIRECT_OBJC_ISA_USAGE = YES_ERROR;
				CLANG_WARN_EMPTY_BODY = YES;
				CLANG_WARN_ENUM_CONVERSION = YES;
				CLANG_WARN_INFINITE_RECURSION = YES;
				CLANG_WARN_INT_CONVERSION = YES;
				CLANG_WARN_OBJC_ROOT_CLASS = YES_ERROR;
				CLANG_WARN_SUSPICIOUS_MOVE = YES;
				CLANG_WARN_UNREACHABLE_CODE = YES;
				CLANG_WARN__DUPLICATE_METHOD_MATCH = YES;
				"CODE_SIGN_IDENTITY[sdk=iphoneos*]" = "iPhone Developer";
				COPY_PHASE_STRIP = NO;
				DEBUG_INFORMATION_FORMAT = "dwarf-with-dsym";
				ENABLE_NS_ASSERTIONS = NO;
				ENABLE_STRICT_OBJC_MSGSEND = YES;
				GCC_C_LANGUAGE_STANDARD = gnu99;
				GCC_NO_COMMON_BLOCKS = YES;
				GCC_WARN_64_TO_32_BIT_CONVERSION = YES;
				GCC_WARN_ABOUT_RETURN_TYPE = YES_ERROR;
				GCC_WARN_UNDECLARED_SELECTOR = YES;
				GCC_WARN_UNINITIALIZED_AUTOS = YES_AGGRESSIVE;
				GCC_WARN_UNUSED_FUNCTION = YES;
				GCC_WARN_UNUSED_VARIABLE = YES;
				IPHONEOS_DEPLOYMENT_TARGET = 8.0;
				MTL_ENABLE_DEBUG_INFO = NO;
				SDKROOT = iphoneos;
				VALIDATE_PRODUCT = YES;
			};
			name = Release;
		};
		42672A571D50820700051FE1 /* Debug */ = {
			isa = XCBuildConfiguration;
			buildSettings = {
				INSTALL_PATH = "$(BUILT_PRODUCTS_DIR)";
				OTHER_LDFLAGS = "-ObjC";
				PRODUCT_NAME = "$(TARGET_NAME)";
				SKIP_INSTALL = YES;
			};
			name = Debug;
		};
		42672A581D50820700051FE1 /* Release */ = {
			isa = XCBuildConfiguration;
			buildSettings = {
				INSTALL_PATH = "$(BUILT_PRODUCTS_DIR)";
				OTHER_LDFLAGS = "-ObjC";
				PRODUCT_NAME = "$(TARGET_NAME)";
				SKIP_INSTALL = YES;
			};
			name = Release;
		};
/* End XCBuildConfiguration section */

/* Begin XCConfigurationList section */
		42672A481D50820700051FE1 /* Build configuration list for PBXProject "JOKit" */ = {
			isa = XCConfigurationList;
			buildConfigurations = (
				42672A541D50820700051FE1 /* Debug */,
				42672A551D50820700051FE1 /* Release */,
			);
			defaultConfigurationIsVisible = 0;
			defaultConfigurationName = Release;
		};
		42672A561D50820700051FE1 /* Build configuration list for PBXNativeTarget "JOKit" */ = {
			isa = XCConfigurationList;
			buildConfigurations = (
				42672A571D50820700051FE1 /* Debug */,
				42672A581D50820700051FE1 /* Release */,
			);
			defaultConfigurationIsVisible = 0;
			defaultConfigurationName = Release;
		};
/* End XCConfigurationList section */
	};
	rootObject = 42672A451D50820700051FE1 /* Project object */;
}
